
Microsoft Visual Studio Solution File, Format Version 12.00
# Visual Studio 15
VisualStudioVersion = 15.0.27004.2005
MinimumVisualStudioVersion = 10.0.40219.1
Project("{9A19103F-16F7-4668-BE54-9A1E7A4F7556}") = "miniapi", "miniapi\miniapi.csproj", "{8A08ECF1-ABB7-41B1-A957-F5C24BA29719}"
EndProject
Global
	GlobalSection(SolutionConfigurationPlatforms) = preSolution
		Debug|Any CPU = Debug|Any CPU
		Release|Any CPU = Release|Any CPU
	EndGlobalSection
	GlobalSection(ProjectConfigurationPlatforms) = postSolution
		{8A08ECF1-ABB7-41B1-A957-F5C24BA29719}.Debug|Any CPU.ActiveCfg = Debug|Any CPU
		{8A08ECF1-ABB7-41B1-A957-F5C24BA29719}.Debug|Any CPU.Build.0 = Debug|Any CPU
		{8A08ECF1-ABB7-41B1-A957-F5C24BA29719}.Release|Any CPU.ActiveCfg = Release|Any CPU
		{8A08ECF1-ABB7-41B1-A957-F5C24BA29719}.Release|Any CPU.Build.0 = Release|Any CPU
	EndGlobalSection
	GlobalSection(SolutionProperties) = preSolution
		HideSolutionNode = FALSE
	EndGlobalSection
	GlobalSection(ExtensibilityGlobals) = postSolution
		SolutionGuid = {F41BA841-1F1D-453D-AF46-D6934E87C52C}
	EndGlobalSection
EndGlobal
